
Microsoft Visual Studio Solution File, Format Version 12.00
# Visual Studio Version 17
VisualStudioVersion = 17.4.33122.133
MinimumVisualStudioVersion = 10.0.40219.1
Project("{FAE04EC0-301F-11D3-BF4B-00C04F79EFBC}") = "WechatToolApp", "WechatToolApp\WechatToolApp.csproj", "{73043CA8-AF54-4591-9174-40FB6E0A3D36}"
EndProject
Global
	GlobalSection(SolutionConfigurationPlatforms) = preSolution
		Debug|Any CPU = Debug|Any CPU
		Release|Any CPU = Release|Any CPU
	EndGlobalSection
	GlobalSection(ProjectConfigurationPlatforms) = postSolution
		{73043CA8-AF54-4591-9174-40FB6E0A3D36}.Debug|Any CPU.ActiveCfg = Debug|Any CPU
		{73043CA8-AF54-4591-9174-40FB6E0A3D36}.Debug|Any CPU.Build.0 = Debug|Any CPU
		{73043CA8-AF54-4591-9174-40FB6E0A3D36}.Release|Any CPU.ActiveCfg = Release|Any CPU
		{73043CA8-AF54-4591-9174-40FB6E0A3D36}.Release|Any CPU.Build.0 = Release|Any CPU
	EndGlobalSection
	GlobalSection(SolutionProperties) = preSolution
		HideSolutionNode = FALSE
	EndGlobalSection
	GlobalSection(ExtensibilityGlobals) = postSolution
		SolutionGuid = {DDF60850-AC9C-4111-9929-9C4A285BCEEF}
	EndGlobalSection
EndGlobal
